
Microsoft Visual Studio Solution File, Format Version 12.00
# Visual Studio 14
VisualStudioVersion = 14.0.25420.1
MinimumVisualStudioVersion = 10.0.40219.1
Project("{FAE04EC0-301F-11D3-BF4B-00C04F79EFBC}") = "DeadraMustFall.Model", "DeadraMustFall.Model\DeadraMustFall.Model.csproj", "{9E8ED4D3-06F3-4326-966B-8CF9C4666202}"
EndProject
Project("{FAE04EC0-301F-11D3-BF4B-00C04F79EFBC}") = "DeadraMustFall.Web", "DeadraMustFall.Web\DeadraMustFall.Web.csproj", "{1789266F-6C00-420B-8AD2-9E1E68FD64D7}"
EndProject
Project("{FAE04EC0-301F-11D3-BF4B-00C04F79EFBC}") = "DeadraMustFall.API", "DeadraMustFall.API\DeadraMustFall.API.csproj", "{CDB82B0A-26C3-4850-B11E-F1D6E3C4432B}"
EndProject
Project("{2150E333-8FDC-42A3-9474-1A3956D46DE8}") = "Tests", "Tests", "{6B4AC121-58C1-451F-ADCB-C7075B2F532E}"
EndProject
Project("{FAE04EC0-301F-11D3-BF4B-00C04F79EFBC}") = "ModelTests", "ModelTests\ModelTests.csproj", "{3B10A64B-37FC-4FA1-9AE8-D941616F12EC}"
EndProject
Project("{FAE04EC0-301F-11D3-BF4B-00C04F79EFBC}") = "DeadraMustFall.Gateway", "DeadraMustFall.Gateway\DeadraMustFall.Gateway.csproj", "{81783335-A245-4393-8152-CE86F926546D}"
EndProject
Project("{FAE04EC0-301F-11D3-BF4B-00C04F79EFBC}") = "DeadraMustFall.Logger", "DeadraMustFall.Logger\DeadraMustFall.Logger.csproj", "{252DD97E-80BA-4E3C-B445-7CA9DC759FA3}"
EndProject
Global
	GlobalSection(SolutionConfigurationPlatforms) = preSolution
		Debug|Any CPU = Debug|Any CPU
		Release|Any CPU = Release|Any CPU
	EndGlobalSection
	GlobalSection(ProjectConfigurationPlatforms) = postSolution
		{9E8ED4D3-06F3-4326-966B-8CF9C4666202}.Debug|Any CPU.ActiveCfg = Debug|Any CPU
		{9E8ED4D3-06F3-4326-966B-8CF9C4666202}.Debug|Any CPU.Build.0 = Debug|Any CPU
		{9E8ED4D3-06F3-4326-966B-8CF9C4666202}.Release|Any CPU.ActiveCfg = Release|Any CPU
		{9E8ED4D3-06F3-4326-966B-8CF9C4666202}.Release|Any CPU.Build.0 = Release|Any CPU
		{1789266F-6C00-420B-8AD2-9E1E68FD64D7}.Debug|Any CPU.ActiveCfg = Debug|Any CPU
		{1789266F-6C00-420B-8AD2-9E1E68FD64D7}.Debug|Any CPU.Build.0 = Debug|Any CPU
		{1789266F-6C00-420B-8AD2-9E1E68FD64D7}.Release|Any CPU.ActiveCfg = Release|Any CPU
		{1789266F-6C00-420B-8AD2-9E1E68FD64D7}.Release|Any CPU.Build.0 = Release|Any CPU
		{CDB82B0A-26C3-4850-B11E-F1D6E3C4432B}.Debug|Any CPU.ActiveCfg = Debug|Any CPU
		{CDB82B0A-26C3-4850-B11E-F1D6E3C4432B}.Debug|Any CPU.Build.0 = Debug|Any CPU
		{CDB82B0A-26C3-4850-B11E-F1D6E3C4432B}.Release|Any CPU.ActiveCfg = Release|Any CPU
		{CDB82B0A-26C3-4850-B11E-F1D6E3C4432B}.Release|Any CPU.Build.0 = Release|Any CPU
		{3B10A64B-37FC-4FA1-9AE8-D941616F12EC}.Debug|Any CPU.ActiveCfg = Debug|Any CPU
		{3B10A64B-37FC-4FA1-9AE8-D941616F12EC}.Debug|Any CPU.Build.0 = Debug|Any CPU
		{3B10A64B-37FC-4FA1-9AE8-D941616F12EC}.Release|Any CPU.ActiveCfg = Release|Any CPU
		{3B10A64B-37FC-4FA1-9AE8-D941616F12EC}.Release|Any CPU.Build.0 = Release|Any CPU
		{81783335-A245-4393-8152-CE86F926546D}.Debug|Any CPU.ActiveCfg = Debug|Any CPU
		{81783335-A245-4393-8152-CE86F926546D}.Debug|Any CPU.Build.0 = Debug|Any CPU
		{81783335-A245-4393-8152-CE86F926546D}.Release|Any CPU.ActiveCfg = Release|Any CPU
		{81783335-A245-4393-8152-CE86F926546D}.Release|Any CPU.Build.0 = Release|Any CPU
		{252DD97E-80BA-4E3C-B445-7CA9DC759FA3}.Debug|Any CPU.ActiveCfg = Debug|Any CPU
		{252DD97E-80BA-4E3C-B445-7CA9DC759FA3}.Debug|Any CPU.Build.0 = Debug|Any CPU
		{252DD97E-80BA-4E3C-B445-7CA9DC759FA3}.Release|Any CPU.ActiveCfg = Release|Any CPU
		{252DD97E-80BA-4E3C-B445-7CA9DC759FA3}.Release|Any CPU.Build.0 = Release|Any CPU
	EndGlobalSection
	GlobalSection(SolutionProperties) = preSolution
		HideSolutionNode = FALSE
	EndGlobalSection
	GlobalSection(NestedProjects) = preSolution
		{3B10A64B-37FC-4FA1-9AE8-D941616F12EC} = {6B4AC121-58C1-451F-ADCB-C7075B2F532E}
	EndGlobalSection
EndGlobal
